
Microsoft Visual Studio Solution File, Format Version 12.00
Project("{FAE04EC0-301F-11D3-BF4B-00C04F79EFBC}") = "EmailSenderWithFluentEmailNuget", "EmailSenderWithFluentEmailNuget\EmailSenderWithFluentEmailNuget.csproj", "{DA08E2E1-7F30-40FE-99E5-101E67710835}"
EndProject
Global
	GlobalSection(SolutionConfigurationPlatforms) = preSolution
		Debug|Any CPU = Debug|Any CPU
		Release|Any CPU = Release|Any CPU
	EndGlobalSection
	GlobalSection(ProjectConfigurationPlatforms) = postSolution
		{DA08E2E1-7F30-40FE-99E5-101E67710835}.Debug|Any CPU.ActiveCfg = Debug|Any CPU
		{DA08E2E1-7F30-40FE-99E5-101E67710835}.Debug|Any CPU.Build.0 = Debug|Any CPU
		{DA08E2E1-7F30-40FE-99E5-101E67710835}.Release|Any CPU.ActiveCfg = Release|Any CPU
		{DA08E2E1-7F30-40FE-99E5-101E67710835}.Release|Any CPU.Build.0 = Release|Any CPU
	EndGlobalSection
EndGlobal
